
Microsoft Visual Studio Solution File, Format Version 12.00
# Visual Studio Version 17
VisualStudioVersion = 17.10.35004.147
MinimumVisualStudioVersion = 10.0.40219.1
Project("{FAE04EC0-301F-11D3-BF4B-00C04F79EFBC}") = "7.3 Finding duplicates in an array", "7.3 Finding duplicates in an array.csproj", "{A6F078E9-F613-43B2-AC36-4A4CB637A376}"
EndProject
Global
	GlobalSection(SolutionConfigurationPlatforms) = preSolution
		Debug|Any CPU = Debug|Any CPU
		Release|Any CPU = Release|Any CPU
	EndGlobalSection
	GlobalSection(ProjectConfigurationPlatforms) = postSolution
		{A6F078E9-F613-43B2-AC36-4A4CB637A376}.Debug|Any CPU.ActiveCfg = Debug|Any CPU
		{A6F078E9-F613-43B2-AC36-4A4CB637A376}.Debug|Any CPU.Build.0 = Debug|Any CPU
		{A6F078E9-F613-43B2-AC36-4A4CB637A376}.Release|Any CPU.ActiveCfg = Release|Any CPU
		{A6F078E9-F613-43B2-AC36-4A4CB637A376}.Release|Any CPU.Build.0 = Release|Any CPU
	EndGlobalSection
	GlobalSection(SolutionProperties) = preSolution
		HideSolutionNode = FALSE
	EndGlobalSection
	GlobalSection(ExtensibilityGlobals) = postSolution
		SolutionGuid = {530D932E-39A3-4363-8E9F-CF2D19BDA0D1}
	EndGlobalSection
EndGlobal
